
Microsoft Visual Studio Solution File, Format Version 11.00
# Visual Studio 2010
Project("{FAE04EC0-301F-11D3-BF4B-00C04F79EFBC}") = "Aldhiya5c", "Aldhiya5c\Aldhiya5c.csproj", "{26779D2A-F455-4497-B59C-C24BABC15205}"
EndProject
Global
	GlobalSection(SolutionConfigurationPlatforms) = preSolution
		Debug|x86 = Debug|x86
		Release|x86 = Release|x86
	EndGlobalSection
	GlobalSection(ProjectConfigurationPlatforms) = postSolution
		{26779D2A-F455-4497-B59C-C24BABC15205}.Debug|x86.ActiveCfg = Debug|x86
		{26779D2A-F455-4497-B59C-C24BABC15205}.Debug|x86.Build.0 = Debug|x86
		{26779D2A-F455-4497-B59C-C24BABC15205}.Release|x86.ActiveCfg = Release|x86
		{26779D2A-F455-4497-B59C-C24BABC15205}.Release|x86.Build.0 = Release|x86
	EndGlobalSection
	GlobalSection(SolutionProperties) = preSolution
		HideSolutionNode = FALSE
	EndGlobalSection
EndGlobal
