
Microsoft Visual Studio Solution File, Format Version 12.00
# Visual Studio 2012
Project("{FAE04EC0-301F-11D3-BF4B-00C04F79EFBC}") = "LemparDaduDenganLoopFor", "LemparDaduDenganLoopFor\LemparDaduDenganLoopFor.csproj", "{790E498C-FA2D-4CB4-B415-82041FF3A209}"
EndProject
Global
	GlobalSection(SolutionConfigurationPlatforms) = preSolution
		Debug|Any CPU = Debug|Any CPU
		Release|Any CPU = Release|Any CPU
	EndGlobalSection
	GlobalSection(ProjectConfigurationPlatforms) = postSolution
		{790E498C-FA2D-4CB4-B415-82041FF3A209}.Debug|Any CPU.ActiveCfg = Debug|Any CPU
		{790E498C-FA2D-4CB4-B415-82041FF3A209}.Debug|Any CPU.Build.0 = Debug|Any CPU
		{790E498C-FA2D-4CB4-B415-82041FF3A209}.Release|Any CPU.ActiveCfg = Release|Any CPU
		{790E498C-FA2D-4CB4-B415-82041FF3A209}.Release|Any CPU.Build.0 = Release|Any CPU
	EndGlobalSection
	GlobalSection(SolutionProperties) = preSolution
		HideSolutionNode = FALSE
	EndGlobalSection
EndGlobal
