
Microsoft Visual Studio Solution File, Format Version 12.00
# Visual Studio 2012
Project("{FAE04EC0-301F-11D3-BF4B-00C04F79EFBC}") = "DemoUsiaPadaPlanet", "DemoUsiaPadaPlanet\DemoUsiaPadaPlanet.csproj", "{3D50CD1A-C17A-4E9A-BCB0-47CF507BBB8F}"
EndProject
Global
	GlobalSection(SolutionConfigurationPlatforms) = preSolution
		Debug|Any CPU = Debug|Any CPU
		Release|Any CPU = Release|Any CPU
	EndGlobalSection
	GlobalSection(ProjectConfigurationPlatforms) = postSolution
		{3D50CD1A-C17A-4E9A-BCB0-47CF507BBB8F}.Debug|Any CPU.ActiveCfg = Debug|Any CPU
		{3D50CD1A-C17A-4E9A-BCB0-47CF507BBB8F}.Debug|Any CPU.Build.0 = Debug|Any CPU
		{3D50CD1A-C17A-4E9A-BCB0-47CF507BBB8F}.Release|Any CPU.ActiveCfg = Release|Any CPU
		{3D50CD1A-C17A-4E9A-BCB0-47CF507BBB8F}.Release|Any CPU.Build.0 = Release|Any CPU
	EndGlobalSection
	GlobalSection(SolutionProperties) = preSolution
		HideSolutionNode = FALSE
	EndGlobalSection
EndGlobal
