
Microsoft Visual Studio Solution File, Format Version 11.00
# Visual Studio 2010
Project("{FAE04EC0-301F-11D3-BF4B-00C04F79EFBC}") = "Aldhiya6c", "Aldhiya6c\Aldhiya6c.csproj", "{9426BE46-B0E0-4E5C-80A7-FAC1E3AD1E41}"
EndProject
Global
	GlobalSection(SolutionConfigurationPlatforms) = preSolution
		Debug|x86 = Debug|x86
		Release|x86 = Release|x86
	EndGlobalSection
	GlobalSection(ProjectConfigurationPlatforms) = postSolution
		{9426BE46-B0E0-4E5C-80A7-FAC1E3AD1E41}.Debug|x86.ActiveCfg = Debug|x86
		{9426BE46-B0E0-4E5C-80A7-FAC1E3AD1E41}.Debug|x86.Build.0 = Debug|x86
		{9426BE46-B0E0-4E5C-80A7-FAC1E3AD1E41}.Release|x86.ActiveCfg = Release|x86
		{9426BE46-B0E0-4E5C-80A7-FAC1E3AD1E41}.Release|x86.Build.0 = Release|x86
	EndGlobalSection
	GlobalSection(SolutionProperties) = preSolution
		HideSolutionNode = FALSE
	EndGlobalSection
EndGlobal
