
Microsoft Visual Studio Solution File, Format Version 11.00
# Visual Studio 2010
Project("{FAE04EC0-301F-11D3-BF4B-00C04F79EFBC}") = "Aldhiya4b", "Aldhiya4b\Aldhiya4b.csproj", "{AE246D39-7DEF-4C57-835C-38812DB4DFCA}"
EndProject
Global
	GlobalSection(SolutionConfigurationPlatforms) = preSolution
		Debug|x86 = Debug|x86
		Release|x86 = Release|x86
	EndGlobalSection
	GlobalSection(ProjectConfigurationPlatforms) = postSolution
		{AE246D39-7DEF-4C57-835C-38812DB4DFCA}.Debug|x86.ActiveCfg = Debug|x86
		{AE246D39-7DEF-4C57-835C-38812DB4DFCA}.Debug|x86.Build.0 = Debug|x86
		{AE246D39-7DEF-4C57-835C-38812DB4DFCA}.Release|x86.ActiveCfg = Release|x86
		{AE246D39-7DEF-4C57-835C-38812DB4DFCA}.Release|x86.Build.0 = Release|x86
	EndGlobalSection
	GlobalSection(SolutionProperties) = preSolution
		HideSolutionNode = FALSE
	EndGlobalSection
EndGlobal
