
Microsoft Visual Studio Solution File, Format Version 12.00
# Visual Studio 2012
Project("{FAE04EC0-301F-11D3-BF4B-00C04F79EFBC}") = "TahunLeapLoopFor", "TahunLeapLoopDoWhile\TahunLeapLoopFor.csproj", "{DB6A560D-29A9-4BAF-AA49-A1A2181F54CE}"
EndProject
Global
	GlobalSection(SolutionConfigurationPlatforms) = preSolution
		Debug|Any CPU = Debug|Any CPU
		Release|Any CPU = Release|Any CPU
	EndGlobalSection
	GlobalSection(ProjectConfigurationPlatforms) = postSolution
		{DB6A560D-29A9-4BAF-AA49-A1A2181F54CE}.Debug|Any CPU.ActiveCfg = Debug|Any CPU
		{DB6A560D-29A9-4BAF-AA49-A1A2181F54CE}.Debug|Any CPU.Build.0 = Debug|Any CPU
		{DB6A560D-29A9-4BAF-AA49-A1A2181F54CE}.Release|Any CPU.ActiveCfg = Release|Any CPU
		{DB6A560D-29A9-4BAF-AA49-A1A2181F54CE}.Release|Any CPU.Build.0 = Release|Any CPU
	EndGlobalSection
	GlobalSection(SolutionProperties) = preSolution
		HideSolutionNode = FALSE
	EndGlobalSection
EndGlobal
